
Microsoft Visual Studio Solution File, Format Version 12.00
# Visual Studio 2012
Project("{2150E333-8FDC-42A3-9474-1A3956D46DE8}") = "Tools", "Tools", "{02248243-B3FA-4D79-919B-C2BC12B3CC57}"
EndProject
Project("{FAE04EC0-301F-11D3-BF4B-00C04F79EFBC}") = "KickAss.Tools", "KickAss.Tools\KickAss.Tools.csproj", "{23EF759A-4138-469A-BE71-080CFE6FDB12}"
EndProject
Project("{FAE04EC0-301F-11D3-BF4B-00C04F79EFBC}") = "KickAss.Tools.UnitTests", "KickAss.Tools.UnitTests\KickAss.Tools.UnitTests.csproj", "{6575DB21-90BE-40E9-A395-EA0BAC5FACD0}"
EndProject
Project("{2150E333-8FDC-42A3-9474-1A3956D46DE8}") = ".nuget", ".nuget", "{13F29C7B-A75F-411F-8CFB-F7981E6F145E}"
	ProjectSection(SolutionItems) = preProject
		.nuget\NuGet.Config = .nuget\NuGet.Config
		.nuget\NuGet.exe = .nuget\NuGet.exe
		.nuget\NuGet.targets = .nuget\NuGet.targets
	EndProjectSection
EndProject
Project("{2150E333-8FDC-42A3-9474-1A3956D46DE8}") = "Solution Items", "Solution Items", "{478A3CE0-C2A8-48C3-B477-5E7440EABFBC}"
	ProjectSection(SolutionItems) = preProject
		License.txt = License.txt
		ReadMe.txt = ReadMe.txt
	EndProjectSection
EndProject
Project("{FAE04EC0-301F-11D3-BF4B-00C04F79EFBC}") = "KickAss.Specification", "KickAss.Specification\KickAss.Specification.csproj", "{76767F0A-AB5B-4FF7-A4D4-24FDD20D067D}"
EndProject
Project("{FAE04EC0-301F-11D3-BF4B-00C04F79EFBC}") = "KickAss.Tools.Specification.UnitTests", "KickAss.Tools.Specification.UnitTests\KickAss.Tools.Specification.UnitTests.csproj", "{72921BA4-C133-425A-8785-B3419B81BA9B}"
EndProject
Project("{FAE04EC0-301F-11D3-BF4B-00C04F79EFBC}") = "KickAss.TestingBits", "KickAss.TestingBits\KickAss.TestingBits.csproj", "{805A0308-437F-4898-AD6B-17A6077B733D}"
EndProject
Project("{2150E333-8FDC-42A3-9474-1A3956D46DE8}") = "Tools.Net40", "Tools.Net40", "{B4236532-6F7A-4397-B729-5EDD259C449F}"
EndProject
Project("{FAE04EC0-301F-11D3-BF4B-00C04F79EFBC}") = "KickAss.Tools.Net4", "KickAss.Tools.Net4\KickAss.Tools.Net4.csproj", "{7C20E859-3787-4EB3-A922-2AE5F73FFD1D}"
EndProject
Project("{FAE04EC0-301F-11D3-BF4B-00C04F79EFBC}") = "KickAss.TestingBits.Net4", "KickAss.TestingBits.Net4\KickAss.TestingBits.Net4.csproj", "{3CE55EEF-6BAF-44A7-93D7-01397708B764}"
EndProject
Project("{FAE04EC0-301F-11D3-BF4B-00C04F79EFBC}") = "KickAss.Specification.Net4", "KickAss.Specification.Net4\KickAss.Specification.Net4.csproj", "{0C19A88B-B97D-4CD7-A9DE-859809C66CEE}"
EndProject
Project("{2150E333-8FDC-42A3-9474-1A3956D46DE8}") = "Tests", "Tests", "{F7D3AAE2-DF19-43AD-9EE9-98404AE973D8}"
EndProject
Global
	GlobalSection(SolutionConfigurationPlatforms) = preSolution
		Debug|Any CPU = Debug|Any CPU
		Release|Any CPU = Release|Any CPU
	EndGlobalSection
	GlobalSection(ProjectConfigurationPlatforms) = postSolution
		{23EF759A-4138-469A-BE71-080CFE6FDB12}.Debug|Any CPU.ActiveCfg = Debug|Any CPU
		{23EF759A-4138-469A-BE71-080CFE6FDB12}.Debug|Any CPU.Build.0 = Debug|Any CPU
		{23EF759A-4138-469A-BE71-080CFE6FDB12}.Release|Any CPU.ActiveCfg = Release|Any CPU
		{23EF759A-4138-469A-BE71-080CFE6FDB12}.Release|Any CPU.Build.0 = Release|Any CPU
		{6575DB21-90BE-40E9-A395-EA0BAC5FACD0}.Debug|Any CPU.ActiveCfg = Debug|Any CPU
		{6575DB21-90BE-40E9-A395-EA0BAC5FACD0}.Debug|Any CPU.Build.0 = Debug|Any CPU
		{6575DB21-90BE-40E9-A395-EA0BAC5FACD0}.Release|Any CPU.ActiveCfg = Release|Any CPU
		{6575DB21-90BE-40E9-A395-EA0BAC5FACD0}.Release|Any CPU.Build.0 = Release|Any CPU
		{76767F0A-AB5B-4FF7-A4D4-24FDD20D067D}.Debug|Any CPU.ActiveCfg = Debug|Any CPU
		{76767F0A-AB5B-4FF7-A4D4-24FDD20D067D}.Debug|Any CPU.Build.0 = Debug|Any CPU
		{76767F0A-AB5B-4FF7-A4D4-24FDD20D067D}.Release|Any CPU.ActiveCfg = Release|Any CPU
		{76767F0A-AB5B-4FF7-A4D4-24FDD20D067D}.Release|Any CPU.Build.0 = Release|Any CPU
		{72921BA4-C133-425A-8785-B3419B81BA9B}.Debug|Any CPU.ActiveCfg = Debug|Any CPU
		{72921BA4-C133-425A-8785-B3419B81BA9B}.Debug|Any CPU.Build.0 = Debug|Any CPU
		{72921BA4-C133-425A-8785-B3419B81BA9B}.Release|Any CPU.ActiveCfg = Release|Any CPU
		{72921BA4-C133-425A-8785-B3419B81BA9B}.Release|Any CPU.Build.0 = Release|Any CPU
		{805A0308-437F-4898-AD6B-17A6077B733D}.Debug|Any CPU.ActiveCfg = Debug|Any CPU
		{805A0308-437F-4898-AD6B-17A6077B733D}.Debug|Any CPU.Build.0 = Debug|Any CPU
		{805A0308-437F-4898-AD6B-17A6077B733D}.Release|Any CPU.ActiveCfg = Release|Any CPU
		{805A0308-437F-4898-AD6B-17A6077B733D}.Release|Any CPU.Build.0 = Release|Any CPU
		{7C20E859-3787-4EB3-A922-2AE5F73FFD1D}.Debug|Any CPU.ActiveCfg = Debug|Any CPU
		{7C20E859-3787-4EB3-A922-2AE5F73FFD1D}.Debug|Any CPU.Build.0 = Debug|Any CPU
		{7C20E859-3787-4EB3-A922-2AE5F73FFD1D}.Release|Any CPU.ActiveCfg = Release|Any CPU
		{7C20E859-3787-4EB3-A922-2AE5F73FFD1D}.Release|Any CPU.Build.0 = Release|Any CPU
		{3CE55EEF-6BAF-44A7-93D7-01397708B764}.Debug|Any CPU.ActiveCfg = Debug|Any CPU
		{3CE55EEF-6BAF-44A7-93D7-01397708B764}.Debug|Any CPU.Build.0 = Debug|Any CPU
		{3CE55EEF-6BAF-44A7-93D7-01397708B764}.Release|Any CPU.ActiveCfg = Release|Any CPU
		{3CE55EEF-6BAF-44A7-93D7-01397708B764}.Release|Any CPU.Build.0 = Release|Any CPU
		{0C19A88B-B97D-4CD7-A9DE-859809C66CEE}.Debug|Any CPU.ActiveCfg = Debug|Any CPU
		{0C19A88B-B97D-4CD7-A9DE-859809C66CEE}.Debug|Any CPU.Build.0 = Debug|Any CPU
		{0C19A88B-B97D-4CD7-A9DE-859809C66CEE}.Release|Any CPU.ActiveCfg = Release|Any CPU
		{0C19A88B-B97D-4CD7-A9DE-859809C66CEE}.Release|Any CPU.Build.0 = Release|Any CPU
	EndGlobalSection
	GlobalSection(SolutionProperties) = preSolution
		HideSolutionNode = FALSE
	EndGlobalSection
	GlobalSection(NestedProjects) = preSolution
		{23EF759A-4138-469A-BE71-080CFE6FDB12} = {02248243-B3FA-4D79-919B-C2BC12B3CC57}
		{76767F0A-AB5B-4FF7-A4D4-24FDD20D067D} = {02248243-B3FA-4D79-919B-C2BC12B3CC57}
		{805A0308-437F-4898-AD6B-17A6077B733D} = {02248243-B3FA-4D79-919B-C2BC12B3CC57}
		{7C20E859-3787-4EB3-A922-2AE5F73FFD1D} = {B4236532-6F7A-4397-B729-5EDD259C449F}
		{3CE55EEF-6BAF-44A7-93D7-01397708B764} = {B4236532-6F7A-4397-B729-5EDD259C449F}
		{0C19A88B-B97D-4CD7-A9DE-859809C66CEE} = {B4236532-6F7A-4397-B729-5EDD259C449F}
		{72921BA4-C133-425A-8785-B3419B81BA9B} = {F7D3AAE2-DF19-43AD-9EE9-98404AE973D8}
		{6575DB21-90BE-40E9-A395-EA0BAC5FACD0} = {F7D3AAE2-DF19-43AD-9EE9-98404AE973D8}
	EndGlobalSection
EndGlobal
